// !$*UTF8*$!
{
	archiveVersion = 1;
	classes = {
	};
	objectVersion = 77;
	objects = {

/* Begin PBXBuildFile section */
		4539878F2FF3F4DD0070EA74 /* WidgetKit.framework in Frameworks */ = {isa = PBXBuildFile; fileRef = 4539878E2FF3F4DD0070EA74 /* WidgetKit.framework */; };
		453987912FF3F4DD0070EA74 /* SwiftUI.framework in Frameworks */ = {isa = PBXBuildFile; fileRef = 453987902FF3F4DD0070EA74 /* SwiftUI.framework */; };
		4539879E2FF3F4DE0070EA74 /* badminton score tracker ComplicationExtension.appex in Embed Foundation Extensions */ = {isa = PBXBuildFile; fileRef = 4539878C2FF3F4DD0070EA74 /* badminton score tracker ComplicationExtension.appex */; settings = {ATTRIBUTES = (RemoveHeadersOnCopy, ); }; };
		A1B2C3D40000000000000003 /* BadmintonCore in Frameworks */ = {isa = PBXBuildFile; productRef = A1B2C3D40000000000000004 /* BadmintonCore */; };
		AD0000000000000000000A03 /* GoogleMobileAds in Frameworks */ = {isa = PBXBuildFile; productRef = AD0000000000000000000A02 /* GoogleMobileAds */; };
		B32FF05A2DCB7D850008256A /* badminton score tracker Watch App.app in Embed Watch Content */ = {isa = PBXBuildFile; fileRef = B32FF0592DCB7D850008256A /* badminton score tracker Watch App.app */; settings = {ATTRIBUTES = (RemoveHeadersOnCopy, ); }; };
		B32FF0A22DCB7D850008256A /* BadmintonCore in Frameworks */ = {isa = PBXBuildFile; productRef = B32FF0A12DCB7D850008256A /* BadmintonCore */; };
/* End PBXBuildFile section */

/* Begin PBXContainerItemProxy section */
		4539879C2FF3F4DE0070EA74 /* PBXContainerItemProxy */ = {
			isa = PBXContainerItemProxy;
			containerPortal = B32FF04D2DCB7D850008256A /* Project object */;
			proxyType = 1;
			remoteGlobalIDString = 4539878B2FF3F4DD0070EA74;
			remoteInfo = "badminton score tracker ComplicationExtension";
		};
		B32FF05B2DCB7D850008256A /* PBXContainerItemProxy */ = {
			isa = PBXContainerItemProxy;
			containerPortal = B32FF04D2DCB7D850008256A /* Project object */;
			proxyType = 1;
			remoteGlobalIDString = B32FF0582DCB7D850008256A;
			remoteInfo = "badminton score tracker Watch App";
		};
		B32FF0692DCB7D870008256A /* PBXContainerItemProxy */ = {
			isa = PBXContainerItemProxy;
			containerPortal = B32FF04D2DCB7D850008256A /* Project object */;
			proxyType = 1;
			remoteGlobalIDString = B32FF0582DCB7D850008256A;
			remoteInfo = "badminton score tracker Watch App";
		};
		B32FF0732DCB7D870008256A /* PBXContainerItemProxy */ = {
			isa = PBXContainerItemProxy;
			containerPortal = B32FF04D2DCB7D850008256A /* Project object */;
			proxyType = 1;
			remoteGlobalIDString = B32FF0582DCB7D850008256A;
			remoteInfo = "badminton score tracker Watch App";
		};
/* End PBXContainerItemProxy section */

/* Begin PBXCopyFilesBuildPhase section */
		453987A32FF3F4DE0070EA74 /* Embed Foundation Extensions */ = {
			isa = PBXCopyFilesBuildPhase;
			buildActionMask = 2147483647;
			dstPath = "";
			dstSubfolderSpec = 13;
			files = (
				4539879E2FF3F4DE0070EA74 /* badminton score tracker ComplicationExtension.appex in Embed Foundation Extensions */,
			);
			name = "Embed Foundation Extensions";
			runOnlyForDeploymentPostprocessing = 0;
		};
		B32FF07F2DCB7D870008256A /* Embed Watch Content */ = {
			isa = PBXCopyFilesBuildPhase;
			buildActionMask = 2147483647;
			dstPath = "$(CONTENTS_FOLDER_PATH)/Watch";
			dstSubfolderSpec = 16;
			files = (
				B32FF05A2DCB7D850008256A /* badminton score tracker Watch App.app in Embed Watch Content */,
			);
			name = "Embed Watch Content";
			runOnlyForDeploymentPostprocessing = 0;
		};
/* End PBXCopyFilesBuildPhase section */

/* Begin PBXFileReference section */
		4539878C2FF3F4DD0070EA74 /* badminton score tracker ComplicationExtension.appex */ = {isa = PBXFileReference; explicitFileType = "wrapper.app-extension"; includeInIndex = 0; path = "badminton score tracker ComplicationExtension.appex"; sourceTree = BUILT_PRODUCTS_DIR; };
		4539878E2FF3F4DD0070EA74 /* WidgetKit.framework */ = {isa = PBXFileReference; lastKnownFileType = wrapper.framework; name = WidgetKit.framework; path = System/Library/Frameworks/WidgetKit.framework; sourceTree = SDKROOT; };
		453987902FF3F4DD0070EA74 /* SwiftUI.framework */ = {isa = PBXFileReference; lastKnownFileType = wrapper.framework; name = SwiftUI.framework; path = System/Library/Frameworks/SwiftUI.framework; sourceTree = SDKROOT; };
		B32FF0532DCB7D850008256A /* badminton score tracker.app */ = {isa = PBXFileReference; explicitFileType = wrapper.application; includeInIndex = 0; path = "badminton score tracker.app"; sourceTree = BUILT_PRODUCTS_DIR; };
		B32FF0592DCB7D850008256A /* badminton score tracker Watch App.app */ = {isa = PBXFileReference; explicitFileType = wrapper.application; includeInIndex = 0; path = "badminton score tracker Watch App.app"; sourceTree = BUILT_PRODUCTS_DIR; };
		B32FF0682DCB7D870008256A /* badminton score tracker Watch AppTests.xctest */ = {isa = PBXFileReference; explicitFileType = wrapper.cfbundle; includeInIndex = 0; path = "badminton score tracker Watch AppTests.xctest"; sourceTree = BUILT_PRODUCTS_DIR; };
		B32FF0722DCB7D870008256A /* badminton score tracker Watch AppUITests.xctest */ = {isa = PBXFileReference; explicitFileType = wrapper.cfbundle; includeInIndex = 0; path = "badminton score tracker Watch AppUITests.xctest"; sourceTree = BUILT_PRODUCTS_DIR; };
/* End PBXFileReference section */

/* Begin PBXFileSystemSynchronizedBuildFileExceptionSet section */
		4539879F2FF3F4DE0070EA74 /* Exceptions for "badminton score tracker Complication" folder in "badminton score tracker ComplicationExtension" target */ = {
			isa = PBXFileSystemSynchronizedBuildFileExceptionSet;
			membershipExceptions = (
				Info.plist,
			);
			target = 4539878B2FF3F4DD0070EA74 /* badminton score tracker ComplicationExtension */;
		};
		A1B2C3D40000000000000006 /* Exceptions for "badminton score tracker" folder in "badminton score tracker" target */ = {
			isa = PBXFileSystemSynchronizedBuildFileExceptionSet;
			membershipExceptions = (
				Info.plist,
			);
			target = B32FF0522DCB7D850008256A /* badminton score tracker */;
		};
		B32FF0AA2DCB7D870008256A /* Exceptions for "badminton score tracker Watch App" folder in "badminton score tracker Watch App" target */ = {
			isa = PBXFileSystemSynchronizedBuildFileExceptionSet;
			membershipExceptions = (
				Info.plist,
			);
			target = B32FF0582DCB7D850008256A /* badminton score tracker Watch App */;
		};
/* End PBXFileSystemSynchronizedBuildFileExceptionSet section */

/* Begin PBXFileSystemSynchronizedRootGroup section */
		453987922FF3F4DD0070EA74 /* badminton score tracker Complication */ = {
			isa = PBXFileSystemSynchronizedRootGroup;
			exceptions = (
				4539879F2FF3F4DE0070EA74 /* Exceptions for "badminton score tracker Complication" folder in "badminton score tracker ComplicationExtension" target */,
			);
			path = "badminton score tracker Complication";
			sourceTree = "<group>";
		};
		A1B2C3D40000000000000005 /* badminton score tracker */ = {
			isa = PBXFileSystemSynchronizedRootGroup;
			exceptions = (
				A1B2C3D40000000000000006 /* Exceptions for "badminton score tracker" folder in "badminton score tracker" target */,
			);
			path = "badminton score tracker";
			sourceTree = "<group>";
		};
		B32FF05D2DCB7D850008256A /* badminton score tracker Watch App */ = {
			isa = PBXFileSystemSynchronizedRootGroup;
			exceptions = (
				B32FF0AA2DCB7D870008256A /* Exceptions for "badminton score tracker Watch App" folder in "badminton score tracker Watch App" target */,
			);
			path = "badminton score tracker Watch App";
			sourceTree = "<group>";
		};
		B32FF06B2DCB7D870008256A /* badminton score tracker Watch AppTests */ = {
			isa = PBXFileSystemSynchronizedRootGroup;
			path = "badminton score tracker Watch AppTests";
			sourceTree = "<group>";
		};
		B32FF0752DCB7D870008256A /* badminton score tracker Watch AppUITests */ = {
			isa = PBXFileSystemSynchronizedRootGroup;
			path = "badminton score tracker Watch AppUITests";
			sourceTree = "<group>";
		};
/* End PBXFileSystemSynchronizedRootGroup section */

/* Begin PBXFrameworksBuildPhase section */
		453987892FF3F4DD0070EA74 /* Frameworks */ = {
			isa = PBXFrameworksBuildPhase;
			buildActionMask = 2147483647;
			files = (
				453987912FF3F4DD0070EA74 /* SwiftUI.framework in Frameworks */,
				4539878F2FF3F4DD0070EA74 /* WidgetKit.framework in Frameworks */,
			);
			runOnlyForDeploymentPostprocessing = 0;
		};
		A1B2C3D40000000000000002 /* Frameworks */ = {
			isa = PBXFrameworksBuildPhase;
			buildActionMask = 2147483647;
			files = (
				A1B2C3D40000000000000003 /* BadmintonCore in Frameworks */,
				AD0000000000000000000A03 /* GoogleMobileAds in Frameworks */,
			);
			runOnlyForDeploymentPostprocessing = 0;
		};
		B32FF0562DCB7D850008256A /* Frameworks */ = {
			isa = PBXFrameworksBuildPhase;
			buildActionMask = 2147483647;
			files = (
				B32FF0A22DCB7D850008256A /* BadmintonCore in Frameworks */,
			);
			runOnlyForDeploymentPostprocessing = 0;
		};
		B32FF0652DCB7D870008256A /* Frameworks */ = {
			isa = PBXFrameworksBuildPhase;
			buildActionMask = 2147483647;
			files = (
			);
			runOnlyForDeploymentPostprocessing = 0;
		};
		B32FF06F2DCB7D870008256A /* Frameworks */ = {
			isa = PBXFrameworksBuildPhase;
			buildActionMask = 2147483647;
			files = (
			);
			runOnlyForDeploymentPostprocessing = 0;
		};
/* End PBXFrameworksBuildPhase section */

/* Begin PBXGroup section */
		4539878D2FF3F4DD0070EA74 /* Frameworks */ = {
			isa = PBXGroup;
			children = (
				4539878E2FF3F4DD0070EA74 /* WidgetKit.framework */,
				453987902FF3F4DD0070EA74 /* SwiftUI.framework */,
			);
			name = Frameworks;
			sourceTree = "<group>";
		};
		B32FF04C2DCB7D850008256A = {
			isa = PBXGroup;
			children = (
				A1B2C3D40000000000000005 /* badminton score tracker */,
				B32FF05D2DCB7D850008256A /* badminton score tracker Watch App */,
				B32FF06B2DCB7D870008256A /* badminton score tracker Watch AppTests */,
				B32FF0752DCB7D870008256A /* badminton score tracker Watch AppUITests */,
				453987922FF3F4DD0070EA74 /* badminton score tracker Complication */,
				4539878D2FF3F4DD0070EA74 /* Frameworks */,
				B32FF0542DCB7D850008256A /* Products */,
			);
			sourceTree = "<group>";
		};
		B32FF0542DCB7D850008256A /* Products */ = {
			isa = PBXGroup;
			children = (
				B32FF0532DCB7D850008256A /* badminton score tracker.app */,
				B32FF0592DCB7D850008256A /* badminton score tracker Watch App.app */,
				B32FF0682DCB7D870008256A /* badminton score tracker Watch AppTests.xctest */,
				B32FF0722DCB7D870008256A /* badminton score tracker Watch AppUITests.xctest */,
				4539878C2FF3F4DD0070EA74 /* badminton score tracker ComplicationExtension.appex */,
			);
			name = Products;
			sourceTree = "<group>";
		};
/* End PBXGroup section */

/* Begin PBXNativeTarget section */
		4539878B2FF3F4DD0070EA74 /* badminton score tracker ComplicationExtension */ = {
			isa = PBXNativeTarget;
			buildConfigurationList = 453987A02FF3F4DE0070EA74 /* Build configuration list for PBXNativeTarget "badminton score tracker ComplicationExtension" */;
			buildPhases = (
				453987882FF3F4DD0070EA74 /* Sources */,
				453987892FF3F4DD0070EA74 /* Frameworks */,
				4539878A2FF3F4DD0070EA74 /* Resources */,
			);
			buildRules = (
			);
			dependencies = (
			);
			fileSystemSynchronizedGroups = (
				453987922FF3F4DD0070EA74 /* badminton score tracker Complication */,
			);
			name = "badminton score tracker ComplicationExtension";
			packageProductDependencies = (
			);
			productName = "badminton score tracker ComplicationExtension";
			productReference = 4539878C2FF3F4DD0070EA74 /* badminton score tracker ComplicationExtension.appex */;
			productType = "com.apple.product-type.app-extension";
		};
		B32FF0522DCB7D850008256A /* badminton score tracker */ = {
			isa = PBXNativeTarget;
			buildConfigurationList = B32FF0802DCB7D870008256A /* Build configuration list for PBXNativeTarget "badminton score tracker" */;
			buildPhases = (
				A1B2C3D40000000000000001 /* Sources */,
				A1B2C3D40000000000000002 /* Frameworks */,
				B32FF0512DCB7D850008256A /* Resources */,
				B32FF07F2DCB7D870008256A /* Embed Watch Content */,
			);
			buildRules = (
			);
			dependencies = (
				B32FF05C2DCB7D850008256A /* PBXTargetDependency */,
			);
			fileSystemSynchronizedGroups = (
				A1B2C3D40000000000000005 /* badminton score tracker */,
			);
			name = "badminton score tracker";
			packageProductDependencies = (
				A1B2C3D40000000000000004 /* BadmintonCore */,
				AD0000000000000000000A02 /* GoogleMobileAds */,
			);
			productName = "badminton score tracker";
			productReference = B32FF0532DCB7D850008256A /* badminton score tracker.app */;
			productType = "com.apple.product-type.application";
		};
		B32FF0582DCB7D850008256A /* badminton score tracker Watch App */ = {
			isa = PBXNativeTarget;
			buildConfigurationList = B32FF07C2DCB7D870008256A /* Build configuration list for PBXNativeTarget "badminton score tracker Watch App" */;
			buildPhases = (
				B32FF0552DCB7D850008256A /* Sources */,
				B32FF0562DCB7D850008256A /* Frameworks */,
				B32FF0572DCB7D850008256A /* Resources */,
				453987A32FF3F4DE0070EA74 /* Embed Foundation Extensions */,
			);
			buildRules = (
			);
			dependencies = (
				4539879D2FF3F4DE0070EA74 /* PBXTargetDependency */,
			);
			fileSystemSynchronizedGroups = (
				B32FF05D2DCB7D850008256A /* badminton score tracker Watch App */,
			);
			name = "badminton score tracker Watch App";
			packageProductDependencies = (
				B32FF0A12DCB7D850008256A /* BadmintonCore */,
			);
			productName = "badminton score tracker Watch App";
			productReference = B32FF0592DCB7D850008256A /* badminton score tracker Watch App.app */;
			productType = "com.apple.product-type.application";
		};
		B32FF0672DCB7D870008256A /* badminton score tracker Watch AppTests */ = {
			isa = PBXNativeTarget;
			buildConfigurationList = B32FF0832DCB7D870008256A /* Build configuration list for PBXNativeTarget "badminton score tracker Watch AppTests" */;
			buildPhases = (
				B32FF0642DCB7D870008256A /* Sources */,
				B32FF0652DCB7D870008256A /* Frameworks */,
				B32FF0662DCB7D870008256A /* Resources */,
			);
			buildRules = (
			);
			dependencies = (
				B32FF06A2DCB7D870008256A /* PBXTargetDependency */,
			);
			fileSystemSynchronizedGroups = (
				B32FF06B2DCB7D870008256A /* badminton score tracker Watch AppTests */,
			);
			name = "badminton score tracker Watch AppTests";
			packageProductDependencies = (
			);
			productName = "badminton score tracker Watch AppTests";
			productReference = B32FF0682DCB7D870008256A /* badminton score tracker Watch AppTests.xctest */;
			productType = "com.apple.product-type.bundle.unit-test";
		};
		B32FF0712DCB7D870008256A /* badminton score tracker Watch AppUITests */ = {
			isa = PBXNativeTarget;
			buildConfigurationList = B32FF0862DCB7D870008256A /* Build configuration list for PBXNativeTarget "badminton score tracker Watch AppUITests" */;
			buildPhases = (
				B32FF06E2DCB7D870008256A /* Sources */,
				B32FF06F2DCB7D870008256A /* Frameworks */,
				B32FF0702DCB7D870008256A /* Resources */,
			);
			buildRules = (
			);
			dependencies = (
				B32FF0742DCB7D870008256A /* PBXTargetDependency */,
			);
			fileSystemSynchronizedGroups = (
				B32FF0752DCB7D870008256A /* badminton score tracker Watch AppUITests */,
			);
			name = "badminton score tracker Watch AppUITests";
			packageProductDependencies = (
			);
			productName = "badminton score tracker Watch AppUITests";
			productReference = B32FF0722DCB7D870008256A /* badminton score tracker Watch AppUITests.xctest */;
			productType = "com.apple.product-type.bundle.ui-testing";
		};
/* End PBXNativeTarget section */

/* Begin PBXProject section */
		B32FF04D2DCB7D850008256A /* Project object */ = {
			isa = PBXProject;
			attributes = {
				BuildIndependentTargetsInParallel = 1;
				LastSwiftUpdateCheck = 2660;
				LastUpgradeCheck = 1630;
				TargetAttributes = {
					4539878B2FF3F4DD0070EA74 = {
						CreatedOnToolsVersion = 26.6;
					};
					B32FF0522DCB7D850008256A = {
						CreatedOnToolsVersion = 16.3;
					};
					B32FF0582DCB7D850008256A = {
						CreatedOnToolsVersion = 16.3;
					};
					B32FF0672DCB7D870008256A = {
						CreatedOnToolsVersion = 16.3;
						TestTargetID = B32FF0582DCB7D850008256A;
					};
					B32FF0712DCB7D870008256A = {
						CreatedOnToolsVersion = 16.3;
						TestTargetID = B32FF0582DCB7D850008256A;
					};
				};
			};
			buildConfigurationList = B32FF0502DCB7D850008256A /* Build configuration list for PBXProject "badminton score tracker" */;
			developmentRegion = en;
			hasScannedForEncodings = 0;
			knownRegions = (
				en,
				Base,
				"zh-Hans",
				id,
				ja,
				ko,
				hi,
			);
			mainGroup = B32FF04C2DCB7D850008256A;
			minimizedProjectReferenceProxies = 1;
			packageReferences = (
				B32FF0A02DCB7D850008256A /* XCLocalSwiftPackageReference "BadmintonCore" */,
				AD0000000000000000000A01 /* XCRemoteSwiftPackageReference "swift-package-manager-google-mobile-ads" */,
			);
			preferredProjectObjectVersion = 77;
			productRefGroup = B32FF0542DCB7D850008256A /* Products */;
			projectDirPath = "";
			projectRoot = "";
			targets = (
				B32FF0522DCB7D850008256A /* badminton score tracker */,
				B32FF0582DCB7D850008256A /* badminton score tracker Watch App */,
				B32FF0672DCB7D870008256A /* badminton score tracker Watch AppTests */,
				B32FF0712DCB7D870008256A /* badminton score tracker Watch AppUITests */,
				4539878B2FF3F4DD0070EA74 /* badminton score tracker ComplicationExtension */,
			);
		};
/* End PBXProject section */

/* Begin PBXResourcesBuildPhase section */
		4539878A2FF3F4DD0070EA74 /* Resources */ = {
			isa = PBXResourcesBuildPhase;
			buildActionMask = 2147483647;
			files = (
			);
			runOnlyForDeploymentPostprocessing = 0;
		};
		B32FF0512DCB7D850008256A /* Resources */ = {
			isa = PBXResourcesBuildPhase;
			buildActionMask = 2147483647;
			files = (
			);
			runOnlyForDeploymentPostprocessing = 0;
		};
		B32FF0572DCB7D850008256A /* Resources */ = {
			isa = PBXResourcesBuildPhase;
			buildActionMask = 2147483647;
			files = (
			);
			runOnlyForDeploymentPostprocessing = 0;
		};
		B32FF0662DCB7D870008256A /* Resources */ = {
			isa = PBXResourcesBuildPhase;
			buildActionMask = 2147483647;
			files = (
			);
			runOnlyForDeploymentPostprocessing = 0;
		};
		B32FF0702DCB7D870008256A /* Resources */ = {
			isa = PBXResourcesBuildPhase;
			buildActionMask = 2147483647;
			files = (
			);
			runOnlyForDeploymentPostprocessing = 0;
		};
/* End PBXResourcesBuildPhase section */

/* Begin PBXSourcesBuildPhase section */
		453987882FF3F4DD0070EA74 /* Sources */ = {
			isa = PBXSourcesBuildPhase;
			buildActionMask = 2147483647;
			files = (
			);
			runOnlyForDeploymentPostprocessing = 0;
		};
		A1B2C3D40000000000000001 /* Sources */ = {
			isa = PBXSourcesBuildPhase;
			buildActionMask = 2147483647;
			files = (
			);
			runOnlyForDeploymentPostprocessing = 0;
		};
		B32FF0552DCB7D850008256A /* Sources */ = {
			isa = PBXSourcesBuildPhase;
			buildActionMask = 2147483647;
			files = (
			);
			runOnlyForDeploymentPostprocessing = 0;
		};
		B32FF0642DCB7D870008256A /* Sources */ = {
			isa = PBXSourcesBuildPhase;
			buildActionMask = 2147483647;
			files = (
			);
			runOnlyForDeploymentPostprocessing = 0;
		};
		B32FF06E2DCB7D870008256A /* Sources */ = {
			isa = PBXSourcesBuildPhase;
			buildActionMask = 2147483647;
			files = (
			);
			runOnlyForDeploymentPostprocessing = 0;
		};
/* End PBXSourcesBuildPhase section */

/* Begin PBXTargetDependency section */
		4539879D2FF3F4DE0070EA74 /* PBXTargetDependency */ = {
			isa = PBXTargetDependency;
			target = 4539878B2FF3F4DD0070EA74 /* badminton score tracker ComplicationExtension */;
			targetProxy = 4539879C2FF3F4DE0070EA74 /* PBXContainerItemProxy */;
		};
		B32FF05C2DCB7D850008256A /* PBXTargetDependency */ = {
			isa = PBXTargetDependency;
			target = B32FF0582DCB7D850008256A /* badminton score tracker Watch App */;
			targetProxy = B32FF05B2DCB7D850008256A /* PBXContainerItemProxy */;
		};
		B32FF06A2DCB7D870008256A /* PBXTargetDependency */ = {
			isa = PBXTargetDependency;
			target = B32FF0582DCB7D850008256A /* badminton score tracker Watch App */;
			targetProxy = B32FF0692DCB7D870008256A /* PBXContainerItemProxy */;
		};
		B32FF0742DCB7D870008256A /* PBXTargetDependency */ = {
			isa = PBXTargetDependency;
			target = B32FF0582DCB7D850008256A /* badminton score tracker Watch App */;
			targetProxy = B32FF0732DCB7D870008256A /* PBXContainerItemProxy */;
		};
/* End PBXTargetDependency section */

/* Begin XCBuildConfiguration section */
		453987A12FF3F4DE0070EA74 /* Debug */ = {
			isa = XCBuildConfiguration;
			buildSettings = {
				ASSETCATALOG_COMPILER_GLOBAL_ACCENT_COLOR_NAME = AccentColor;
				ASSETCATALOG_COMPILER_WIDGET_BACKGROUND_COLOR_NAME = WidgetBackground;
				CODE_SIGN_STYLE = Automatic;
				CURRENT_PROJECT_VERSION = 1;
				GENERATE_INFOPLIST_FILE = YES;
				INFOPLIST_FILE = "badminton score tracker Complication/Info.plist";
				INFOPLIST_KEY_CFBundleDisplayName = "badminton score tracker Complication";
				INFOPLIST_KEY_NSHumanReadableCopyright = "";
				LD_RUNPATH_SEARCH_PATHS = (
					"$(inherited)",
					"@executable_path/Frameworks",
					"@executable_path/../../Frameworks",
					"@executable_path/../../../../Frameworks",
				);
				MARKETING_VERSION = 1.0;
				PRODUCT_BUNDLE_IDENTIFIER = "ritsuma.badminton-score-tracker.watchkitapp.badminton-score-tracker-Complication";
				PRODUCT_NAME = "$(TARGET_NAME)";
				SDKROOT = watchos;
				SKIP_INSTALL = YES;
				STRING_CATALOG_GENERATE_SYMBOLS = YES;
				SWIFT_APPROACHABLE_CONCURRENCY = YES;
				SWIFT_EMIT_LOC_STRINGS = YES;
				SWIFT_UPCOMING_FEATURE_MEMBER_IMPORT_VISIBILITY = YES;
				SWIFT_VERSION = 5.0;
				TARGETED_DEVICE_FAMILY = 4;
				WATCHOS_DEPLOYMENT_TARGET = 11.4;
			};
			name = Debug;
		};
		453987A22FF3F4DE0070EA74 /* Release */ = {
			isa = XCBuildConfiguration;
			buildSettings = {
				ASSETCATALOG_COMPILER_GLOBAL_ACCENT_COLOR_NAME = AccentColor;
				ASSETCATALOG_COMPILER_WIDGET_BACKGROUND_COLOR_NAME = WidgetBackground;
				CODE_SIGN_STYLE = Automatic;
				CURRENT_PROJECT_VERSION = 1;
				GENERATE_INFOPLIST_FILE = YES;
				INFOPLIST_FILE = "badminton score tracker Complication/Info.plist";
				INFOPLIST_KEY_CFBundleDisplayName = "badminton score tracker Complication";
				INFOPLIST_KEY_NSHumanReadableCopyright = "";
				LD_RUNPATH_SEARCH_PATHS = (
					"$(inherited)",
					"@executable_path/Frameworks",
					"@executable_path/../../Frameworks",
					"@executable_path/../../../../Frameworks",
				);
				MARKETING_VERSION = 1.0;
				PRODUCT_BUNDLE_IDENTIFIER = "ritsuma.badminton-score-tracker.watchkitapp.badminton-score-tracker-Complication";
				PRODUCT_NAME = "$(TARGET_NAME)";
				SDKROOT = watchos;
				SKIP_INSTALL = YES;
				STRING_CATALOG_GENERATE_SYMBOLS = YES;
				SWIFT_APPROACHABLE_CONCURRENCY = YES;
				SWIFT_EMIT_LOC_STRINGS = YES;
				SWIFT_UPCOMING_FEATURE_MEMBER_IMPORT_VISIBILITY = YES;
				SWIFT_VERSION = 5.0;
				TARGETED_DEVICE_FAMILY = 4;
				VALIDATE_PRODUCT = YES;
				WATCHOS_DEPLOYMENT_TARGET = 11.4;
			};
			name = Release;
		};
		B32FF07A2DCB7D870008256A /* Debug */ = {
			isa = XCBuildConfiguration;
			buildSettings = {
				ALWAYS_SEARCH_USER_PATHS = NO;
				ASSETCATALOG_COMPILER_GENERATE_SWIFT_ASSET_SYMBOL_EXTENSIONS = YES;
				CLANG_ANALYZER_NONNULL = YES;
				CLANG_ANALYZER_NUMBER_OBJECT_CONVERSION = YES_AGGRESSIVE;
				CLANG_CXX_LANGUAGE_STANDARD = "gnu++20";
				CLANG_ENABLE_MODULES = YES;
				CLANG_ENABLE_OBJC_ARC = YES;
				CLANG_ENABLE_OBJC_WEAK = YES;
				CLANG_WARN_BLOCK_CAPTURE_AUTORELEASING = YES;
				CLANG_WARN_BOOL_CONVERSION = YES;
				CLANG_WARN_COMMA = YES;
				CLANG_WARN_CONSTANT_CONVERSION = YES;
				CLANG_WARN_DEPRECATED_OBJC_IMPLEMENTATIONS = YES;
				CLANG_WARN_DIRECT_OBJC_ISA_USAGE = YES_ERROR;
				CLANG_WARN_DOCUMENTATION_COMMENTS = YES;
				CLANG_WARN_EMPTY_BODY = YES;
				CLANG_WARN_ENUM_CONVERSION = YES;
				CLANG_WARN_INFINITE_RECURSION = YES;
				CLANG_WARN_INT_CONVERSION = YES;
				CLANG_WARN_NON_LITERAL_NULL_CONVERSION = YES;
				CLANG_WARN_OBJC_IMPLICIT_RETAIN_SELF = YES;
				CLANG_WARN_OBJC_LITERAL_CONVERSION = YES;
				CLANG_WARN_OBJC_ROOT_CLASS = YES_ERROR;
				CLANG_WARN_QUOTED_INCLUDE_IN_FRAMEWORK_HEADER = YES;
				CLANG_WARN_RANGE_LOOP_ANALYSIS = YES;
				CLANG_WARN_STRICT_PROTOTYPES = YES;
				CLANG_WARN_SUSPICIOUS_MOVE = YES;
				CLANG_WARN_UNGUARDED_AVAILABILITY = YES_AGGRESSIVE;
				CLANG_WARN_UNREACHABLE_CODE = YES;
				CLANG_WARN__DUPLICATE_METHOD_MATCH = YES;
				COPY_PHASE_STRIP = NO;
				DEBUG_INFORMATION_FORMAT = dwarf;
				ENABLE_STRICT_OBJC_MSGSEND = YES;
				ENABLE_TESTABILITY = YES;
				ENABLE_USER_SCRIPT_SANDBOXING = YES;
				GCC_C_LANGUAGE_STANDARD = gnu17;
				GCC_DYNAMIC_NO_PIC = NO;
				GCC_NO_COMMON_BLOCKS = YES;
				GCC_OPTIMIZATION_LEVEL = 0;
				GCC_PREPROCESSOR_DEFINITIONS = (
					"DEBUG=1",
					"$(inherited)",
				);
				GCC_WARN_64_TO_32_BIT_CONVERSION = YES;
				GCC_WARN_ABOUT_RETURN_TYPE = YES_ERROR;
				GCC_WARN_UNDECLARED_SELECTOR = YES;
				GCC_WARN_UNINITIALIZED_AUTOS = YES_AGGRESSIVE;
				GCC_WARN_UNUSED_FUNCTION = YES;
				GCC_WARN_UNUSED_VARIABLE = YES;
				LOCALIZATION_PREFERS_STRING_CATALOGS = YES;
				MTL_ENABLE_DEBUG_INFO = INCLUDE_SOURCE;
				MTL_FAST_MATH = YES;
				ONLY_ACTIVE_ARCH = YES;
				SWIFT_ACTIVE_COMPILATION_CONDITIONS = "DEBUG $(inherited)";
				SWIFT_OPTIMIZATION_LEVEL = "-Onone";
			};
			name = Debug;
		};
		B32FF07B2DCB7D870008256A /* Release */ = {
			isa = XCBuildConfiguration;
			buildSettings = {
				ALWAYS_SEARCH_USER_PATHS = NO;
				ASSETCATALOG_COMPILER_GENERATE_SWIFT_ASSET_SYMBOL_EXTENSIONS = YES;
				CLANG_ANALYZER_NONNULL = YES;
				CLANG_ANALYZER_NUMBER_OBJECT_CONVERSION = YES_AGGRESSIVE;
				CLANG_CXX_LANGUAGE_STANDARD = "gnu++20";
				CLANG_ENABLE_MODULES = YES;
				CLANG_ENABLE_OBJC_ARC = YES;
				CLANG_ENABLE_OBJC_WEAK = YES;
				CLANG_WARN_BLOCK_CAPTURE_AUTORELEASING = YES;
				CLANG_WARN_BOOL_CONVERSION = YES;
				CLANG_WARN_COMMA = YES;
				CLANG_WARN_CONSTANT_CONVERSION = YES;
				CLANG_WARN_DEPRECATED_OBJC_IMPLEMENTATIONS = YES;
				CLANG_WARN_DIRECT_OBJC_ISA_USAGE = YES_ERROR;
				CLANG_WARN_DOCUMENTATION_COMMENTS = YES;
				CLANG_WARN_EMPTY_BODY = YES;
				CLANG_WARN_ENUM_CONVERSION = YES;
				CLANG_WARN_INFINITE_RECURSION = YES;
				CLANG_WARN_INT_CONVERSION = YES;
				CLANG_WARN_NON_LITERAL_NULL_CONVERSION = YES;
				CLANG_WARN_OBJC_IMPLICIT_RETAIN_SELF = YES;
				CLANG_WARN_OBJC_LITERAL_CONVERSION = YES;
				CLANG_WARN_OBJC_ROOT_CLASS = YES_ERROR;
				CLANG_WARN_QUOTED_INCLUDE_IN_FRAMEWORK_HEADER = YES;
				CLANG_WARN_RANGE_LOOP_ANALYSIS = YES;
				CLANG_WARN_STRICT_PROTOTYPES = YES;
				CLANG_WARN_SUSPICIOUS_MOVE = YES;
				CLANG_WARN_UNGUARDED_AVAILABILITY = YES_AGGRESSIVE;
				CLANG_WARN_UNREACHABLE_CODE = YES;
				CLANG_WARN__DUPLICATE_METHOD_MATCH = YES;
				COPY_PHASE_STRIP = NO;
				DEBUG_INFORMATION_FORMAT = "dwarf-with-dsym";
				ENABLE_NS_ASSERTIONS = NO;
				ENABLE_STRICT_OBJC_MSGSEND = YES;
				ENABLE_USER_SCRIPT_SANDBOXING = YES;
				GCC_C_LANGUAGE_STANDARD = gnu17;
				GCC_NO_COMMON_BLOCKS = YES;
				GCC_WARN_64_TO_32_BIT_CONVERSION = YES;
				GCC_WARN_ABOUT_RETURN_TYPE = YES_ERROR;
				GCC_WARN_UNDECLARED_SELECTOR = YES;
				GCC_WARN_UNINITIALIZED_AUTOS = YES_AGGRESSIVE;
				GCC_WARN_UNUSED_FUNCTION = YES;
				GCC_WARN_UNUSED_VARIABLE = YES;
				LOCALIZATION_PREFERS_STRING_CATALOGS = YES;
				MTL_ENABLE_DEBUG_INFO = NO;
				MTL_FAST_MATH = YES;
				SWIFT_COMPILATION_MODE = wholemodule;
			};
			name = Release;
		};
		B32FF07D2DCB7D870008256A /* Debug */ = {
			isa = XCBuildConfiguration;
			buildSettings = {
				ASSETCATALOG_COMPILER_APPICON_NAME = AppIcon;
				ASSETCATALOG_COMPILER_GLOBAL_ACCENT_COLOR_NAME = AccentColor;
				CODE_SIGN_ENTITLEMENTS = "badminton score tracker Watch App/badminton_score_tracker_Watch_App.entitlements";
				CODE_SIGN_STYLE = Automatic;
				CURRENT_PROJECT_VERSION = 1;
				DEVELOPMENT_TEAM = MNX5PS5RV3;
				ENABLE_PREVIEWS = YES;
				GENERATE_INFOPLIST_FILE = NO;
				INFOPLIST_FILE = "badminton score tracker Watch App/Info.plist";
				LD_RUNPATH_SEARCH_PATHS = (
					"$(inherited)",
					"@executable_path/Frameworks",
				);
				MARKETING_VERSION = 1.0;
				OTHER_SWIFT_FLAGS = "-Xfrontend -warn-long-expression-type-checking=100";
				PRODUCT_BUNDLE_IDENTIFIER = "ritsuma.badminton-score-tracker.watchkitapp";
				PRODUCT_NAME = "$(TARGET_NAME)";
				SDKROOT = watchos;
				SKIP_INSTALL = YES;
				SWIFT_EMIT_LOC_STRINGS = YES;
				SWIFT_VERSION = 5.0;
				TARGETED_DEVICE_FAMILY = 4;
				WATCHOS_DEPLOYMENT_TARGET = 11.4;
			};
			name = Debug;
		};
		B32FF07E2DCB7D870008256A /* Release */ = {
			isa = XCBuildConfiguration;
			buildSettings = {
				ASSETCATALOG_COMPILER_APPICON_NAME = AppIcon;
				ASSETCATALOG_COMPILER_GLOBAL_ACCENT_COLOR_NAME = AccentColor;
				CODE_SIGN_ENTITLEMENTS = "badminton score tracker Watch App/badminton_score_tracker_Watch_App.entitlements";
				CODE_SIGN_STYLE = Automatic;
				CURRENT_PROJECT_VERSION = 1;
				DEVELOPMENT_TEAM = MNX5PS5RV3;
				ENABLE_PREVIEWS = YES;
				GENERATE_INFOPLIST_FILE = NO;
				INFOPLIST_FILE = "badminton score tracker Watch App/Info.plist";
				LD_RUNPATH_SEARCH_PATHS = (
					"$(inherited)",
					"@executable_path/Frameworks",
				);
				MARKETING_VERSION = 1.0;
				PRODUCT_BUNDLE_IDENTIFIER = "ritsuma.badminton-score-tracker.watchkitapp";
				PRODUCT_NAME = "$(TARGET_NAME)";
				SDKROOT = watchos;
				SKIP_INSTALL = YES;
				SWIFT_EMIT_LOC_STRINGS = YES;
				SWIFT_VERSION = 5.0;
				TARGETED_DEVICE_FAMILY = 4;
				VALIDATE_PRODUCT = YES;
				WATCHOS_DEPLOYMENT_TARGET = 11.4;
			};
			name = Release;
		};
		B32FF0812DCB7D870008256A /* Debug */ = {
			isa = XCBuildConfiguration;
			buildSettings = {
				ASSETCATALOG_COMPILER_APPICON_NAME = AppIcon;
				ASSETCATALOG_COMPILER_GLOBAL_ACCENT_COLOR_NAME = AccentColor;
				CODE_SIGN_ENTITLEMENTS = "badminton score tracker/badminton score tracker.entitlements";
				CODE_SIGN_STYLE = Automatic;
				CURRENT_PROJECT_VERSION = 1;
				DEVELOPMENT_TEAM = MNX5PS5RV3;
				ENABLE_PREVIEWS = YES;
				GENERATE_INFOPLIST_FILE = NO;
				INFOPLIST_FILE = "badminton score tracker/Info.plist";
				IPHONEOS_DEPLOYMENT_TARGET = 17.0;
				LD_RUNPATH_SEARCH_PATHS = (
					"$(inherited)",
					"@executable_path/Frameworks",
				);
				MARKETING_VERSION = 1.0;
				OTHER_SWIFT_FLAGS = "-Xfrontend -warn-long-expression-type-checking=100";
				PRODUCT_BUNDLE_IDENTIFIER = "ritsuma.badminton-score-tracker";
				PRODUCT_NAME = "$(TARGET_NAME)";
				SDKROOT = iphoneos;
				SWIFT_EMIT_LOC_STRINGS = YES;
				SWIFT_VERSION = 5.0;
				TARGETED_DEVICE_FAMILY = 1;
			};
			name = Debug;
		};
		B32FF0822DCB7D870008256A /* Release */ = {
			isa = XCBuildConfiguration;
			buildSettings = {
				ASSETCATALOG_COMPILER_APPICON_NAME = AppIcon;
				ASSETCATALOG_COMPILER_GLOBAL_ACCENT_COLOR_NAME = AccentColor;
				CODE_SIGN_ENTITLEMENTS = "badminton score tracker/badminton score tracker.entitlements";
				CODE_SIGN_STYLE = Automatic;
				CURRENT_PROJECT_VERSION = 1;
				DEVELOPMENT_TEAM = MNX5PS5RV3;
				ENABLE_PREVIEWS = YES;
				GENERATE_INFOPLIST_FILE = NO;
				INFOPLIST_FILE = "badminton score tracker/Info.plist";
				IPHONEOS_DEPLOYMENT_TARGET = 17.0;
				LD_RUNPATH_SEARCH_PATHS = (
					"$(inherited)",
					"@executable_path/Frameworks",
				);
				MARKETING_VERSION = 1.0;
				PRODUCT_BUNDLE_IDENTIFIER = "ritsuma.badminton-score-tracker";
				PRODUCT_NAME = "$(TARGET_NAME)";
				SDKROOT = iphoneos;
				SWIFT_EMIT_LOC_STRINGS = YES;
				SWIFT_VERSION = 5.0;
				TARGETED_DEVICE_FAMILY = 1;
				VALIDATE_PRODUCT = YES;
			};
			name = Release;
		};
		B32FF0842DCB7D870008256A /* Debug */ = {
			isa = XCBuildConfiguration;
			buildSettings = {
				BUNDLE_LOADER = "$(TEST_HOST)";
				CODE_SIGN_STYLE = Automatic;
				CURRENT_PROJECT_VERSION = 1;
				GENERATE_INFOPLIST_FILE = YES;
				MARKETING_VERSION = 1.0;
				PRODUCT_BUNDLE_IDENTIFIER = "ritsuma.badminton-score-tracker-Watch-AppTests";
				PRODUCT_NAME = "$(TARGET_NAME)";
				SDKROOT = watchos;
				SWIFT_EMIT_LOC_STRINGS = NO;
				SWIFT_VERSION = 5.0;
				TARGETED_DEVICE_FAMILY = 4;
				TEST_HOST = "$(BUILT_PRODUCTS_DIR)/badminton score tracker Watch App.app/$(BUNDLE_EXECUTABLE_FOLDER_PATH)/badminton score tracker Watch App";
				WATCHOS_DEPLOYMENT_TARGET = 11.4;
			};
			name = Debug;
		};
		B32FF0852DCB7D870008256A /* Release */ = {
			isa = XCBuildConfiguration;
			buildSettings = {
				BUNDLE_LOADER = "$(TEST_HOST)";
				CODE_SIGN_STYLE = Automatic;
				CURRENT_PROJECT_VERSION = 1;
				GENERATE_INFOPLIST_FILE = YES;
				MARKETING_VERSION = 1.0;
				PRODUCT_BUNDLE_IDENTIFIER = "ritsuma.badminton-score-tracker-Watch-AppTests";
				PRODUCT_NAME = "$(TARGET_NAME)";
				SDKROOT = watchos;
				SWIFT_EMIT_LOC_STRINGS = NO;
				SWIFT_VERSION = 5.0;
				TARGETED_DEVICE_FAMILY = 4;
				TEST_HOST = "$(BUILT_PRODUCTS_DIR)/badminton score tracker Watch App.app/$(BUNDLE_EXECUTABLE_FOLDER_PATH)/badminton score tracker Watch App";
				VALIDATE_PRODUCT = YES;
				WATCHOS_DEPLOYMENT_TARGET = 11.4;
			};
			name = Release;
		};
		B32FF0872DCB7D870008256A /* Debug */ = {
			isa = XCBuildConfiguration;
			buildSettings = {
				CODE_SIGN_STYLE = Automatic;
				CURRENT_PROJECT_VERSION = 1;
				GENERATE_INFOPLIST_FILE = YES;
				MARKETING_VERSION = 1.0;
				PRODUCT_BUNDLE_IDENTIFIER = "ritsuma.badminton-score-tracker-Watch-AppUITests";
				PRODUCT_NAME = "$(TARGET_NAME)";
				SDKROOT = watchos;
				SWIFT_EMIT_LOC_STRINGS = NO;
				SWIFT_VERSION = 5.0;
				TARGETED_DEVICE_FAMILY = 4;
				TEST_TARGET_NAME = "badminton score tracker Watch App";
				WATCHOS_DEPLOYMENT_TARGET = 11.4;
			};
			name = Debug;
		};
		B32FF0882DCB7D870008256A /* Release */ = {
			isa = XCBuildConfiguration;
			buildSettings = {
				CODE_SIGN_STYLE = Automatic;
				CURRENT_PROJECT_VERSION = 1;
				GENERATE_INFOPLIST_FILE = YES;
				MARKETING_VERSION = 1.0;
				PRODUCT_BUNDLE_IDENTIFIER = "ritsuma.badminton-score-tracker-Watch-AppUITests";
				PRODUCT_NAME = "$(TARGET_NAME)";
				SDKROOT = watchos;
				SWIFT_EMIT_LOC_STRINGS = NO;
				SWIFT_VERSION = 5.0;
				TARGETED_DEVICE_FAMILY = 4;
				TEST_TARGET_NAME = "badminton score tracker Watch App";
				VALIDATE_PRODUCT = YES;
				WATCHOS_DEPLOYMENT_TARGET = 11.4;
			};
			name = Release;
		};
/* End XCBuildConfiguration section */

/* Begin XCConfigurationList section */
		453987A02FF3F4DE0070EA74 /* Build configuration list for PBXNativeTarget "badminton score tracker ComplicationExtension" */ = {
			isa = XCConfigurationList;
			buildConfigurations = (
				453987A12FF3F4DE0070EA74 /* Debug */,
				453987A22FF3F4DE0070EA74 /* Release */,
			);
			defaultConfigurationIsVisible = 0;
			defaultConfigurationName = Release;
		};
		B32FF0502DCB7D850008256A /* Build configuration list for PBXProject "badminton score tracker" */ = {
			isa = XCConfigurationList;
			buildConfigurations = (
				B32FF07A2DCB7D870008256A /* Debug */,
				B32FF07B2DCB7D870008256A /* Release */,
			);
			defaultConfigurationIsVisible = 0;
			defaultConfigurationName = Release;
		};
		B32FF07C2DCB7D870008256A /* Build configuration list for PBXNativeTarget "badminton score tracker Watch App" */ = {
			isa = XCConfigurationList;
			buildConfigurations = (
				B32FF07D2DCB7D870008256A /* Debug */,
				B32FF07E2DCB7D870008256A /* Release */,
			);
			defaultConfigurationIsVisible = 0;
			defaultConfigurationName = Release;
		};
		B32FF0802DCB7D870008256A /* Build configuration list for PBXNativeTarget "badminton score tracker" */ = {
			isa = XCConfigurationList;
			buildConfigurations = (
				B32FF0812DCB7D870008256A /* Debug */,
				B32FF0822DCB7D870008256A /* Release */,
			);
			defaultConfigurationIsVisible = 0;
			defaultConfigurationName = Release;
		};
		B32FF0832DCB7D870008256A /* Build configuration list for PBXNativeTarget "badminton score tracker Watch AppTests" */ = {
			isa = XCConfigurationList;
			buildConfigurations = (
				B32FF0842DCB7D870008256A /* Debug */,
				B32FF0852DCB7D870008256A /* Release */,
			);
			defaultConfigurationIsVisible = 0;
			defaultConfigurationName = Release;
		};
		B32FF0862DCB7D870008256A /* Build configuration list for PBXNativeTarget "badminton score tracker Watch AppUITests" */ = {
			isa = XCConfigurationList;
			buildConfigurations = (
				B32FF0872DCB7D870008256A /* Debug */,
				B32FF0882DCB7D870008256A /* Release */,
			);
			defaultConfigurationIsVisible = 0;
			defaultConfigurationName = Release;
		};
/* End XCConfigurationList section */

/* Begin XCLocalSwiftPackageReference section */
		B32FF0A02DCB7D850008256A /* XCLocalSwiftPackageReference "BadmintonCore" */ = {
			isa = XCLocalSwiftPackageReference;
			relativePath = BadmintonCore;
		};
/* End XCLocalSwiftPackageReference section */

/* Begin XCRemoteSwiftPackageReference section */
		AD0000000000000000000A01 /* XCRemoteSwiftPackageReference "swift-package-manager-google-mobile-ads" */ = {
			isa = XCRemoteSwiftPackageReference;
			repositoryURL = "https://github.com/googleads/swift-package-manager-google-mobile-ads";
			requirement = {
				kind = upToNextMajorVersion;
				minimumVersion = 13.0.0;
			};
		};
/* End XCRemoteSwiftPackageReference section */

/* Begin XCSwiftPackageProductDependency section */
		A1B2C3D40000000000000004 /* BadmintonCore */ = {
			isa = XCSwiftPackageProductDependency;
			productName = BadmintonCore;
		};
		AD0000000000000000000A02 /* GoogleMobileAds */ = {
			isa = XCSwiftPackageProductDependency;
			package = AD0000000000000000000A01 /* XCRemoteSwiftPackageReference "swift-package-manager-google-mobile-ads" */;
			productName = GoogleMobileAds;
		};
		B32FF0A12DCB7D850008256A /* BadmintonCore */ = {
			isa = XCSwiftPackageProductDependency;
			productName = BadmintonCore;
		};
/* End XCSwiftPackageProductDependency section */
	};
	rootObject = B32FF04D2DCB7D850008256A /* Project object */;
}
